// !$*UTF8*$!
{
	archiveVersion = 1;
	classes = {
	};
	objectVersion = 46;
	objects = {

/* Begin PBXBuildFile section */
		523551881D8B466D00A350C0 /* AppDelegate.swift in Sources */ = {isa = PBXBuildFile; fileRef = 523551871D8B466D00A350C0 /* AppDelegate.swift */; };
		5235518A1D8B466D00A350C0 /* ViewController.swift in Sources */ = {isa = PBXBuildFile; fileRef = 523551891D8B466D00A350C0 /* ViewController.swift */; };
		5235518D1D8B466D00A350C0 /* Main.storyboard in Resources */ = {isa = PBXBuildFile; fileRef = 5235518B1D8B466D00A350C0 /* Main.storyboard */; };
		5235518F1D8B466D00A350C0 /* Assets.xcassets in Resources */ = {isa = PBXBuildFile; fileRef = 5235518E1D8B466D00A350C0 /* Assets.xcassets */; };
		523551921D8B466D00A350C0 /* LaunchScreen.storyboard in Resources */ = {isa = PBXBuildFile; fileRef = 523551901D8B466D00A350C0 /* LaunchScreen.storyboard */; };
		5235519D1D8B466D00A350C0 /* WhaleTests.swift in Sources */ = {isa = PBXBuildFile; fileRef = 5235519C1D8B466D00A350C0 /* WhaleTests.swift */; };
		523551A81D8B466D00A350C0 /* WhaleUITests.swift in Sources */ = {isa = PBXBuildFile; fileRef = 523551A71D8B466D00A350C0 /* WhaleUITests.swift */; };
/* End PBXBuildFile section */

/* Begin PBXContainerItemProxy section */
		523551991D8B466D00A350C0 /* PBXContainerItemProxy */ = {
			isa = PBXContainerItemProxy;
			containerPortal = 5235517C1D8B466D00A350C0 /* Project object */;
			proxyType = 1;
			remoteGlobalIDString = 523551831D8B466D00A350C0;
			remoteInfo = Whale;
		};
		523551A41D8B466D00A350C0 /* PBXContainerItemProxy */ = {
			isa = PBXContainerItemProxy;
			containerPortal = 5235517C1D8B466D00A350C0 /* Project object */;
			proxyType = 1;
			remoteGlobalIDString = 523551831D8B466D00A350C0;
			remoteInfo = Whale;
		};
/* End PBXContainerItemProxy section */

/* Begin PBXFileReference section */
		523551841D8B466D00A350C0 /* Whale.app */ = {isa = PBXFileReference; explicitFileType = wrapper.application; includeInIndex = 0; path = Whale.app; sourceTree = BUILT_PRODUCTS_DIR; };
		523551871D8B466D00A350C0 /* AppDelegate.swift */ = {isa = PBXFileReference; lastKnownFileType = sourcecode.swift; path = AppDelegate.swift; sourceTree = "<group>"; };
		523551891D8B466D00A350C0 /* ViewController.swift */ = {isa = PBXFileReference; lastKnownFileType = sourcecode.swift; path = ViewController.swift; sourceTree = "<group>"; };
		5235518C1D8B466D00A350C0 /* Base */ = {isa = PBXFileReference; lastKnownFileType = file.storyboard; name = Base; path = Base.lproj/Main.storyboard; sourceTree = "<group>"; };
		5235518E1D8B466D00A350C0 /* Assets.xcassets */ = {isa = PBXFileReference; lastKnownFileType = folder.assetcatalog; path = Assets.xcassets; sourceTree = "<group>"; };
		523551911D8B466D00A350C0 /* Base */ = {isa = PBXFileReference; lastKnownFileType = file.storyboard; name = Base; path = Base.lproj/LaunchScreen.storyboard; sourceTree = "<group>"; };
		523551931D8B466D00A350C0 /* Info.plist */ = {isa = PBXFileReference; lastKnownFileType = text.plist.xml; path = Info.plist; sourceTree = "<group>"; };
		523551981D8B466D00A350C0 /* WhaleTests.xctest */ = {isa = PBXFileReference; explicitFileType = wrapper.cfbundle; includeInIndex = 0; path = WhaleTests.xctest; sourceTree = BUILT_PRODUCTS_DIR; };
		5235519C1D8B466D00A350C0 /* WhaleTests.swift */ = {isa = PBXFileReference; lastKnownFileType = sourcecode.swift; path = WhaleTests.swift; sourceTree = "<group>"; };
		5235519E1D8B466D00A350C0 /* Info.plist */ = {isa = PBXFileReference; lastKnownFileType = text.plist.xml; path = Info.plist; sourceTree = "<group>"; };
		523551A31D8B466D00A350C0 /* WhaleUITests.xctest */ = {isa = PBXFileReference; explicitFileType = wrapper.cfbundle; includeInIndex = 0; path = WhaleUITests.xctest; sourceTree = BUILT_PRODUCTS_DIR; };
		523551A71D8B466D00A350C0 /* WhaleUITests.swift */ = {isa = PBXFileReference; lastKnownFileType = sourcecode.swift; path = WhaleUITests.swift; sourceTree = "<group>"; };
		523551A91D8B466D00A350C0 /* Info.plist */ = {isa = PBXFileReference; lastKnownFileType = text.plist.xml; path = Info.plist; sourceTree = "<group>"; };
/* End PBXFileReference section */

/* Begin PBXFrameworksBuildPhase section */
		523551811D8B466D00A350C0 /* Frameworks */ = {
			isa = PBXFrameworksBuildPhase;
			buildActionMask = 2147483647;
			files = (
			);
			runOnlyForDeploymentPostprocessing = 0;
		};
		523551951D8B466D00A350C0 /* Frameworks */ = {
			isa = PBXFrameworksBuildPhase;
			buildActionMask = 2147483647;
			files = (
			);
			runOnlyForDeploymentPostprocessing = 0;
		};
		523551A01D8B466D00A350C0 /* Frameworks */ = {
			isa = PBXFrameworksBuildPhase;
			buildActionMask = 2147483647;
			files = (
			);
			runOnlyForDeploymentPostprocessing = 0;
		};
/* End PBXFrameworksBuildPhase section */

/* Begin PBXGroup section */
		5235517B1D8B466D00A350C0 = {
			isa = PBXGroup;
			children = (
				523551861D8B466D00A350C0 /* Whale */,
				5235519B1D8B466D00A350C0 /* WhaleTests */,
				523551A61D8B466D00A350C0 /* WhaleUITests */,
				523551851D8B466D00A350C0 /* Products */,
			);
			sourceTree = "<group>";
		};
		523551851D8B466D00A350C0 /* Products */ = {
			isa = PBXGroup;
			children = (
				523551841D8B466D00A350C0 /* Whale.app */,
				523551981D8B466D00A350C0 /* WhaleTests.xctest */,
				523551A31D8B466D00A350C0 /* WhaleUITests.xctest */,
			);
			name = Products;
			sourceTree = "<group>";
		};
		523551861D8B466D00A350C0 /* Whale */ = {
			isa = PBXGroup;
			children = (
				523551871D8B466D00A350C0 /* AppDelegate.swift */,
				523551891D8B466D00A350C0 /* ViewController.swift */,
				5235518B1D8B466D00A350C0 /* Main.storyboard */,
				5235518E1D8B466D00A350C0 /* Assets.xcassets */,
				523551901D8B466D00A350C0 /* LaunchScreen.storyboard */,
				523551931D8B466D00A350C0 /* Info.plist */,
			);
			path = Whale;
			sourceTree = "<group>";
		};
		5235519B1D8B466D00A350C0 /* WhaleTests */ = {
			isa = PBXGroup;
			children = (
				5235519C1D8B466D00A350C0 /* WhaleTests.swift */,
				5235519E1D8B466D00A350C0 /* Info.plist */,
			);
			path = WhaleTests;
			sourceTree = "<group>";
		};
		523551A61D8B466D00A350C0 /* WhaleUITests */ = {
			isa = PBXGroup;
			children = (
				523551A71D8B466D00A350C0 /* WhaleUITests.swift */,
				523551A91D8B466D00A350C0 /* Info.plist */,
			);
			path = WhaleUITests;
			sourceTree = "<group>";
		};
/* End PBXGroup section */

/* Begin PBXNativeTarget section */
		523551831D8B466D00A350C0 /* Whale */ = {
			isa = PBXNativeTarget;
			buildConfigurationList = 523551AC1D8B466D00A350C0 /* Build configuration list for PBXNativeTarget "Whale" */;
			buildPhases = (
				523551801D8B466D00A350C0 /* Sources */,
				523551811D8B466D00A350C0 /* Frameworks */,
				523551821D8B466D00A350C0 /* Resources */,
			);
			buildRules = (
			);
			dependencies = (
			);
			name = Whale;
			productName = Whale;
			productReference = 523551841D8B466D00A350C0 /* Whale.app */;
			productType = "com.apple.product-type.application";
		};
		523551971D8B466D00A350C0 /* WhaleTests */ = {
			isa = PBXNativeTarget;
			buildConfigurationList = 523551AF1D8B466D00A350C0 /* Build configuration list for PBXNativeTarget "WhaleTests" */;
			buildPhases = (
				523551941D8B466D00A350C0 /* Sources */,
				523551951D8B466D00A350C0 /* Frameworks */,
				523551961D8B466D00A350C0 /* Resources */,
			);
			buildRules = (
			);
			dependencies = (
				5235519A1D8B466D00A350C0 /* PBXTargetDependency */,
			);
			name = WhaleTests;
			productName = WhaleTests;
			productReference = 523551981D8B466D00A350C0 /* WhaleTests.xctest */;
			productType = "com.apple.product-type.bundle.unit-test";
		};
		523551A21D8B466D00A350C0 /* WhaleUITests */ = {
			isa = PBXNativeTarget;
			buildConfigurationList = 523551B21D8B466D00A350C0 /* Build configuration list for PBXNativeTarget "WhaleUITests" */;
			buildPhases = (
				5235519F1D8B466D00A350C0 /* Sources */,
				523551A01D8B466D00A350C0 /* Frameworks */,
				523551A11D8B466D00A350C0 /* Resources */,
			);
			buildRules = (
			);
			dependencies = (
				523551A51D8B466D00A350C0 /* PBXTargetDependency */,
			);
			name = WhaleUITests;
			productName = WhaleUITests;
			productReference = 523551A31D8B466D00A350C0 /* WhaleUITests.xctest */;
			productType = "com.apple.product-type.bundle.ui-testing";
		};
/* End PBXNativeTarget section */

/* Begin PBXProject section */
		5235517C1D8B466D00A350C0 /* Project object */ = {
			isa = PBXProject;
			attributes = {
				LastSwiftUpdateCheck = 0730;
				LastUpgradeCheck = 0730;
				ORGANIZATIONNAME = John;
				TargetAttributes = {
					523551831D8B466D00A350C0 = {
						CreatedOnToolsVersion = 7.3.1;
					};
					523551971D8B466D00A350C0 = {
						CreatedOnToolsVersion = 7.3.1;
						TestTargetID = 523551831D8B466D00A350C0;
					};
					523551A21D8B466D00A350C0 = {
						CreatedOnToolsVersion = 7.3.1;
						TestTargetID = 523551831D8B466D00A350C0;
					};
				};
			};
			buildConfigurationList = 5235517F1D8B466D00A350C0 /* Build configuration list for PBXProject "Whale" */;
			compatibilityVersion = "Xcode 3.2";
			developmentRegion = English;
			hasScannedForEncodings = 0;
			knownRegions = (
				en,
				Base,
			);
			mainGroup = 5235517B1D8B466D00A350C0;
			productRefGroup = 523551851D8B466D00A350C0 /* Products */;
			projectDirPath = "";
			projectRoot = "";
			targets = (
				523551831D8B466D00A350C0 /* Whale */,
				523551971D8B466D00A350C0 /* WhaleTests */,
				523551A21D8B466D00A350C0 /* WhaleUITests */,
			);
		};
/* End PBXProject section */

/* Begin PBXResourcesBuildPhase section */
		523551821D8B466D00A350C0 /* Resources */ = {
			isa = PBXResourcesBuildPhase;
			buildActionMask = 2147483647;
			files = (
				523551921D8B466D00A350C0 /* LaunchScreen.storyboard in Resources */,
				5235518F1D8B466D00A350C0 /* Assets.xcassets in Resources */,
				5235518D1D8B466D00A350C0 /* Main.storyboard in Resources */,
			);
			runOnlyForDeploymentPostprocessing = 0;
		};
		523551961D8B466D00A350C0 /* Resources */ = {
			isa = PBXResourcesBuildPhase;
			buildActionMask = 2147483647;
			files = (
			);
			runOnlyForDeploymentPostprocessing = 0;
		};
		523551A11D8B466D00A350C0 /* Resources */ = {
			isa = PBXResourcesBuildPhase;
			buildActionMask = 2147483647;
			files = (
			);
			runOnlyForDeploymentPostprocessing = 0;
		};
/* End PBXResourcesBuildPhase section */

/* Begin PBXSourcesBuildPhase section */
		523551801D8B466D00A350C0 /* Sources */ = {
			isa = PBXSourcesBuildPhase;
			buildActionMask = 2147483647;
			files = (
				5235518A1D8B466D00A350C0 /* ViewController.swift in Sources */,
				523551881D8B466D00A350C0 /* AppDelegate.swift in Sources */,
			);
			runOnlyForDeploymentPostprocessing = 0;
		};
		523551941D8B466D00A350C0 /* Sources */ = {
			isa = PBXSourcesBuildPhase;
			buildActionMask = 2147483647;
			files = (
				5235519D1D8B466D00A350C0 /* WhaleTests.swift in Sources */,
			);
			runOnlyForDeploymentPostprocessing = 0;
		};
		5235519F1D8B466D00A350C0 /* Sources */ = {
			isa = PBXSourcesBuildPhase;
			buildActionMask = 2147483647;
			files = (
				523551A81D8B466D00A350C0 /* WhaleUITests.swift in Sources */,
			);
			runOnlyForDeploymentPostprocessing = 0;
		};
/* End PBXSourcesBuildPhase section */

/* Begin PBXTargetDependency section */
		5235519A1D8B466D00A350C0 /* PBXTargetDependency */ = {
			isa = PBXTargetDependency;
			target = 523551831D8B466D00A350C0 /* Whale */;
			targetProxy = 523551991D8B466D00A350C0 /* PBXContainerItemProxy */;
		};
		523551A51D8B466D00A350C0 /* PBXTargetDependency */ = {
			isa = PBXTargetDependency;
			target = 523551831D8B466D00A350C0 /* Whale */;
			targetProxy = 523551A41D8B466D00A350C0 /* PBXContainerItemProxy */;
		};
/* End PBXTargetDependency section */

/* Begin PBXVariantGroup section */
		5235518B1D8B466D00A350C0 /* Main.storyboard */ = {
			isa = PBXVariantGroup;
			children = (
				5235518C1D8B466D00A350C0 /* Base */,
			);
			name = Main.storyboard;
			sourceTree = "<group>";
		};
		523551901D8B466D00A350C0 /* LaunchScreen.storyboard */ = {
			isa = PBXVariantGroup;
			children = (
				523551911D8B466D00A350C0 /* Base */,
			);
			name = LaunchScreen.storyboard;
			sourceTree = "<group>";
		};
/* End PBXVariantGroup section */

/* Begin XCBuildConfiguration section */
		523551AA1D8B466D00A350C0 /* Debug */ = {
			isa = XCBuildConfiguration;
			buildSettings = {
				ALWAYS_SEARCH_USER_PATHS = NO;
				CLANG_ANALYZER_NONNULL = YES;
				CLANG_CXX_LANGUAGE_STANDARD = "gnu++0x";
				CLANG_CXX_LIBRARY = "libc++";
				CLANG_ENABLE_MODULES = YES;
				CLANG_ENABLE_OBJC_ARC = YES;
				CLANG_WARN_BOOL_CONVERSION = YES;
				CLANG_WARN_CONSTANT_CONVERSION = YES;
				CLANG_WARN_DIRECT_OBJC_ISA_USAGE = YES_ERROR;
				CLANG_WARN_EMPTY_BODY = YES;
				CLANG_WARN_ENUM_CONVERSION = YES;
				CLANG_WARN_INT_CONVERSION = YES;
				CLANG_WARN_OBJC_ROOT_CLASS = YES_ERROR;
				CLANG_WARN_UNREACHABLE_CODE = YES;
				CLANG_WARN__DUPLICATE_METHOD_MATCH = YES;
				"CODE_SIGN_IDENTITY[sdk=iphoneos*]" = "iPhone Developer";
				COPY_PHASE_STRIP = NO;
				DEBUG_INFORMATION_FORMAT = dwarf;
				ENABLE_STRICT_OBJC_MSGSEND = YES;
				ENABLE_TESTABILITY = YES;
				GCC_C_LANGUAGE_STANDARD = gnu99;
				GCC_DYNAMIC_NO_PIC = NO;
				GCC_NO_COMMON_BLOCKS = YES;
				GCC_OPTIMIZATION_LEVEL = 0;
				GCC_PREPROCESSOR_DEFINITIONS = (
					"DEBUG=1",
					"$(inherited)",
				);
				GCC_WARN_64_TO_32_BIT_CONVERSION = YES;
				GCC_WARN_ABOUT_RETURN_TYPE = YES_ERROR;
				GCC_WARN_UNDECLARED_SELECTOR = YES;
				GCC_WARN_UNINITIALIZED_AUTOS = YES_AGGRESSIVE;
				GCC_WARN_UNUSED_FUNCTION = YES;
				GCC_WARN_UNUSED_VARIABLE = YES;
				IPHONEOS_DEPLOYMENT_TARGET = 9.3;
				MTL_ENABLE_DEBUG_INFO = YES;
				ONLY_ACTIVE_ARCH = YES;
				SDKROOT = iphoneos;
				SWIFT_OPTIMIZATION_LEVEL = "-Onone";
				TARGETED_DEVICE_FAMILY = "1,2";
			};
			name = Debug;
		};
		523551AB1D8B466D00A350C0 /* Release */ = {
			isa = XCBuildConfiguration;
			buildSettings = {
				ALWAYS_SEARCH_USER_PATHS = NO;
				CLANG_ANALYZER_NONNULL = YES;
				CLANG_CXX_LANGUAGE_STANDARD = "gnu++0x";
				CLANG_CXX_LIBRARY = "libc++";
				CLANG_ENABLE_MODULES = YES;
				CLANG_ENABLE_OBJC_ARC = YES;
				CLANG_WARN_BOOL_CONVERSION = YES;
				CLANG_WARN_CONSTANT_CONVERSION = YES;
				CLANG_WARN_DIRECT_OBJC_ISA_USAGE = YES_ERROR;
				CLANG_WARN_EMPTY_BODY = YES;
				CLANG_WARN_ENUM_CONVERSION = YES;
				CLANG_WARN_INT_CONVERSION = YES;
				CLANG_WARN_OBJC_ROOT_CLASS = YES_ERROR;
				CLANG_WARN_UNREACHABLE_CODE = YES;
				CLANG_WARN__DUPLICATE_METHOD_MATCH = YES;
				"CODE_SIGN_IDENTITY[sdk=iphoneos*]" = "iPhone Developer";
				COPY_PHASE_STRIP = NO;
				DEBUG_INFORMATION_FORMAT = "dwarf-with-dsym";
				ENABLE_NS_ASSERTIONS = NO;
				ENABLE_STRICT_OBJC_MSGSEND = YES;
				GCC_C_LANGUAGE_STANDARD = gnu99;
				GCC_NO_COMMON_BLOCKS = YES;
				GCC_WARN_64_TO_32_BIT_CONVERSION = YES;
				GCC_WARN_ABOUT_RETURN_TYPE = YES_ERROR;
				GCC_WARN_UNDECLARED_SELECTOR = YES;
				GCC_WARN_UNINITIALIZED_AUTOS = YES_AGGRESSIVE;
				GCC_WARN_UNUSED_FUNCTION = YES;
				GCC_WARN_UNUSED_VARIABLE = YES;
				IPHONEOS_DEPLOYMENT_TARGET = 9.3;
				MTL_ENABLE_DEBUG_INFO = NO;
				SDKROOT = iphoneos;
				TARGETED_DEVICE_FAMILY = "1,2";
				VALIDATE_PRODUCT = YES;
			};
			name = Release;
		};
		523551AD1D8B466D00A350C0 /* Debug */ = {
			isa = XCBuildConfiguration;
			buildSettings = {
				ASSETCATALOG_COMPILER_APPICON_NAME = AppIcon;
				INFOPLIST_FILE = Whale/Info.plist;
				LD_RUNPATH_SEARCH_PATHS = "$(inherited) @executable_path/Frameworks";
				PRODUCT_BUNDLE_IDENTIFIER = com.treats.Whale;
				PRODUCT_NAME = "$(TARGET_NAME)";
			};
			name = Debug;
		};
		523551AE1D8B466D00A350C0 /* Release */ = {
			isa = XCBuildConfiguration;
			buildSettings = {
				ASSETCATALOG_COMPILER_APPICON_NAME = AppIcon;
				INFOPLIST_FILE = Whale/Info.plist;
				LD_RUNPATH_SEARCH_PATHS = "$(inherited) @executable_path/Frameworks";
				PRODUCT_BUNDLE_IDENTIFIER = com.treats.Whale;
				PRODUCT_NAME = "$(TARGET_NAME)";
			};
			name = Release;
		};
		523551B01D8B466D00A350C0 /* Debug */ = {
			isa = XCBuildConfiguration;
			buildSettings = {
				BUNDLE_LOADER = "$(TEST_HOST)";
				INFOPLIST_FILE = WhaleTests/Info.plist;
				LD_RUNPATH_SEARCH_PATHS = "$(inherited) @executable_path/Frameworks @loader_path/Frameworks";
				PRODUCT_BUNDLE_IDENTIFIER = com.treats.WhaleTests;
				PRODUCT_NAME = "$(TARGET_NAME)";
				TEST_HOST = "$(BUILT_PRODUCTS_DIR)/Whale.app/Whale";
			};
			name = Debug;
		};
		523551B11D8B466D00A350C0 /* Release */ = {
			isa = XCBuildConfiguration;
			buildSettings = {
				BUNDLE_LOADER = "$(TEST_HOST)";
				INFOPLIST_FILE = WhaleTests/Info.plist;
				LD_RUNPATH_SEARCH_PATHS = "$(inherited) @executable_path/Frameworks @loader_path/Frameworks";
				PRODUCT_BUNDLE_IDENTIFIER = com.treats.WhaleTests;
				PRODUCT_NAME = "$(TARGET_NAME)";
				TEST_HOST = "$(BUILT_PRODUCTS_DIR)/Whale.app/Whale";
			};
			name = Release;
		};
		523551B31D8B466D00A350C0 /* Debug */ = {
			isa = XCBuildConfiguration;
			buildSettings = {
				INFOPLIST_FILE = WhaleUITests/Info.plist;
				LD_RUNPATH_SEARCH_PATHS = "$(inherited) @executable_path/Frameworks @loader_path/Frameworks";
				PRODUCT_BUNDLE_IDENTIFIER = com.treats.WhaleUITests;
				PRODUCT_NAME = "$(TARGET_NAME)";
				TEST_TARGET_NAME = Whale;
			};
			name = Debug;
		};
		523551B41D8B466D00A350C0 /* Release */ = {
			isa = XCBuildConfiguration;
			buildSettings = {
				INFOPLIST_FILE = WhaleUITests/Info.plist;
				LD_RUNPATH_SEARCH_PATHS = "$(inherited) @executable_path/Frameworks @loader_path/Frameworks";
				PRODUCT_BUNDLE_IDENTIFIER = com.treats.WhaleUITests;
				PRODUCT_NAME = "$(TARGET_NAME)";
				TEST_TARGET_NAME = Whale;
			};
			name = Release;
		};
/* End XCBuildConfiguration section */

/* Begin XCConfigurationList section */
		5235517F1D8B466D00A350C0 /* Build configuration list for PBXProject "Whale" */ = {
			isa = XCConfigurationList;
			buildConfigurations = (
				523551AA1D8B466D00A350C0 /* Debug */,
				523551AB1D8B466D00A350C0 /* Release */,
			);
			defaultConfigurationIsVisible = 0;
			defaultConfigurationName = Release;
		};
		523551AC1D8B466D00A350C0 /* Build configuration list for PBXNativeTarget "Whale" */ = {
			isa = XCConfigurationList;
			buildConfigurations = (
				523551AD1D8B466D00A350C0 /* Debug */,
				523551AE1D8B466D00A350C0 /* Release */,
			);
			defaultConfigurationIsVisible = 0;
		};
		523551AF1D8B466D00A350C0 /* Build configuration list for PBXNativeTarget "WhaleTests" */ = {
			isa = XCConfigurationList;
			buildConfigurations = (
				523551B01D8B466D00A350C0 /* Debug */,
				523551B11D8B466D00A350C0 /* Release */,
			);
			defaultConfigurationIsVisible = 0;
		};
		523551B21D8B466D00A350C0 /* Build configuration list for PBXNativeTarget "WhaleUITests" */ = {
			isa = XCConfigurationList;
			buildConfigurations = (
				523551B31D8B466D00A350C0 /* Debug */,
				523551B41D8B466D00A350C0 /* Release */,
			);
			defaultConfigurationIsVisible = 0;
		};
/* End XCConfigurationList section */
	};
	rootObject = 5235517C1D8B466D00A350C0 /* Project object */;
}
